{
  "name": "ai-model",
  "lockfileVersion": 3,
  "requires": true,
  "packages": {
    "": {
      "dependencies": {
        "pathlib": "^0.1.2",
        "pytest": "^1.0.0"
      }
    },
    "node_modules/pathlib": {
      "version": "0.1.2",
      "resolved": "https://registry.npmjs.org/pathlib/-/pathlib-0.1.2.tgz",
      "integrity": "sha512-L+HyxOmoGAOX8SJUEx+Jp4dl13ZmeUeJol23htc6kNfIsgdyJBECLt8POJ8JpfXVpN5Z+HrARbSoVM3k+9M7gw==",
      "license": "MIT"
    },
    "node_modules/pytest": {
      "version": "1.0.0",
      "resolved": "https://registry.npmjs.org/pytest/-/pytest-1.0.0.tgz",
      "integrity": "sha512-nh2Z5MFd6WyMqUYvLoTrbGpkcI1Gb2GQ2HmdaGZ0h4lCc8FENRhSr5lcHKSK9KIQ9gfrUT5zJaxRbaA/1XjLlA==",
      "license": "ISC",
      "bin": {
        "start11": "test.js"
      }
    }
  }
}
